{
  "name": "bios-planner",
  "lockfileVersion": 2,
  "requires": true,
  "packages": {
    "": {
      "dependencies": {
        "bootstrap": "^5.2.2",
        "react-bootstrap": "^2.5.0",
        "react-weekly-schedule": "^0.0.0-development",
        "semantic-ui-react": "^2.1.3"
      }
    },
    "node_modules/@babel/runtime": {
      "version": "7.19.4",
      "resolved": "https://registry.npmjs.org/@babel/runtime/-/runtime-7.19.4.tgz",
      "integrity": "sha512-EXpLCrk55f+cYqmHsSR+yD/0gAIMxxA9QK9lnQWzhMCvt+YmoBN7Zx94s++Kv0+unHk39vxNO8t+CMA2WSS3wA==",
      "dependencies": {
        "regenerator-runtime": "^0.13.4"
      },
      "engines": {
        "node": ">=6.9.0"
      }
    },
    "node_modules/@fluentui/react-component-event-listener": {
      "version": "0.63.1",
      "resolved": "https://registry.npmjs.org/@fluentui/react-component-event-listener/-/react-component-event-listener-0.63.1.tgz",
      "integrity": "sha512-gSMdOh6tI3IJKZFqxfQwbTpskpME0CvxdxGM2tdglmf6ZPVDi0L4+KKIm+2dN8nzb8Ya1A8ZT+Ddq0KmZtwVQg==",
      "dependencies": {
        "@babel/runtime": "^7.10.4"
      },
      "peerDependencies": {
        "react": "^16.8.0 || ^17 || ^18",
        "react-dom": "^16.8.0 || ^17 || ^18"
      }
    },
    "node_modules/@fluentui/react-component-ref": {
      "version": "0.63.1",
      "resolved": "https://registry.npmjs.org/@fluentui/react-component-ref/-/react-component-ref-0.63.1.tgz",
      "integrity": "sha512-8MkXX4+R3i80msdbD4rFpEB4WWq2UDvGwG386g3ckIWbekdvN9z2kWAd9OXhRGqB7QeOsoAGWocp6gAMCivRlw==",
      "dependencies": {
        "@babel/runtime": "^7.10.4",
        "react-is": "^16.6.3"
      },
      "peerDependencies": {
        "react": "^16.8.0 || ^17 || ^18",
        "react-dom": "^16.8.0 || ^17 || ^18"
      }
    },
    "node_modules/@popperjs/core": {
      "version": "2.11.6",
      "resolved": "https://registry.npmjs.org/@popperjs/core/-/core-2.11.6.tgz",
      "integrity": "sha512-50/17A98tWUfQ176raKiOGXuYpLyyVMkxxG6oylzL3BPOlA6ADGdK7EYunSa4I064xerltq9TGXs8HmOk5E+vw==",
      "funding": {
        "type": "opencollective",
        "url": "https://opencollective.com/popperjs"
      }
    },
    "node_modules/@reach/visually-hidden": {
      "version": "0.1.4",
      "resolved": "https://registry.npmjs.org/@reach/visually-hidden/-/visually-hidden-0.1.4.tgz",
      "integrity": "sha512-QHbzXjflSlCvDd6vJwdwx16mSB+vUCCQMiU/wK/CgVNPibtpEiIbisyxkpZc55DyDFNUIqP91rSUsNae+ogGDQ==",
      "peerDependencies": {
        "react": "^16.8.0",
        "react-dom": "^16.8.0"
      }
    },
    "node_modules/@react-aria/ssr": {
      "version": "3.3.0",
      "resolved": "https://registry.npmjs.org/@react-aria/ssr/-/ssr-3.3.0.tgz",
      "integrity": "sha512-yNqUDuOVZIUGP81R87BJVi/ZUZp/nYOBXbPsRe7oltJOfErQZD+UezMpw4vM2KRz18cURffvmC8tJ6JTeyDtaQ==",
      "dependencies": {
        "@babel/runtime": "^7.6.2"
      },
      "peerDependencies": {
        "react": "^16.8.0 || ^17.0.0-rc.1 || ^18.0.0"
      }
    },
    "node_modules/@rehooks/component-size": {
      "version": "1.0.3",
      "resolved": "https://registry.npmjs.org/@rehooks/component-size/-/component-size-1.0.3.tgz",
      "integrity": "sha512-pnYld+8SSF2vXwdLOqBGUyOrv/SjzwLjIUcs/4c1JJgR0q4E9eBtBfuZMD6zUD51fvSehSsbnlQMzotSmPTXPg==",
      "peerDependencies": {
        "react": ">=16.8.0"
      }
    },
    "node_modules/@restart/hooks": {
      "version": "0.4.7",
      "resolved": "https://registry.npmjs.org/@restart/hooks/-/hooks-0.4.7.tgz",
      "integrity": "sha512-ZbjlEHcG+FQtpDPHd7i4FzNNvJf2enAwZfJbpM8CW7BhmOAbsHpZe3tsHwfQUrBuyrxWqPYp2x5UMnilWcY22A==",
      "dependencies": {
        "dequal": "^2.0.2"
      },
      "peerDependencies": {
        "react": ">=16.8.0"
      }
    },
    "node_modules/@restart/ui": {
      "version": "1.4.0",
      "resolved": "https://registry.npmjs.org/@restart/ui/-/ui-1.4.0.tgz",
      "integrity": "sha512-5dDj5uDzUgK1iijWPRg6AnxjkHM04XhTQDJirM1h/8tIc7KyLtF9YyjcCpNEn259hPMXswpkfXKNgiag0skPFg==",
      "dependencies": {
        "@babel/runtime": "^7.18.3",
        "@popperjs/core": "^2.11.5",
        "@react-aria/ssr": "^3.2.0",
        "@restart/hooks": "^0.4.7",
        "@types/warning": "^3.0.0",
        "dequal": "^2.0.2",
        "dom-helpers": "^5.2.0",
        "uncontrollable": "^7.2.1",
        "warning": "^4.0.3"
      },
      "peerDependencies": {
        "react": ">=16.14.0",
        "react-dom": ">=16.14.0"
      }
    },
    "node_modules/@semantic-ui-react/event-stack": {
      "version": "3.1.3",
      "resolved": "https://registry.npmjs.org/@semantic-ui-react/event-stack/-/event-stack-3.1.3.tgz",
      "integrity": "sha512-FdTmJyWvJaYinHrKRsMLDrz4tTMGdFfds299Qory53hBugiDvGC0tEJf+cHsi5igDwWb/CLOgOiChInHwq8URQ==",
      "dependencies": {
        "exenv": "^1.2.2",
        "prop-types": "^15.6.2"
      },
      "peerDependencies": {
        "react": "^16.0.0 || ^17.0.0 || ^18.0.0",
        "react-dom": "^16.0.0 || ^17.0.0 || ^18.0.0"
      }
    },
    "node_modules/@types/prop-types": {
      "version": "15.7.5",
      "resolved": "https://registry.npmjs.org/@types/prop-types/-/prop-types-15.7.5.tgz",
      "integrity": "sha512-JCB8C6SnDoQf0cNycqd/35A7MjcnK+ZTqE7judS6o7utxUCg6imJg3QK2qzHKszlTjcj2cn+NwMB2i96ubpj7w=="
    },
    "node_modules/@types/react": {
      "version": "18.0.22",
      "resolved": "https://registry.npmjs.org/@types/react/-/react-18.0.22.tgz",
      "integrity": "sha512-4yWc5PyCkZN8ke8K9rQHkTXxHIWHxLzzW6RI1kXVoepkD3vULpKzC2sDtAMKn78h92BRYuzf+7b/ms7ajE6hFw==",
      "dependencies": {
        "@types/prop-types": "*",
        "@types/scheduler": "*",
        "csstype": "^3.0.2"
      }
    },
    "node_modules/@types/react-transition-group": {
      "version": "4.4.5",
      "resolved": "https://registry.npmjs.org/@types/react-transition-group/-/react-transition-group-4.4.5.tgz",
      "integrity": "sha512-juKD/eiSM3/xZYzjuzH6ZwpP+/lejltmiS3QEzV/vmb/Q8+HfDmxu+Baga8UEMGBqV88Nbg4l2hY/K2DkyaLLA==",
      "dependencies": {
        "@types/react": "*"
      }
    },
    "node_modules/@types/scheduler": {
      "version": "0.16.2",
      "resolved": "https://registry.npmjs.org/@types/scheduler/-/scheduler-0.16.2.tgz",
      "integrity": "sha512-hppQEBDmlwhFAXKJX2KnWLYu5yMfi91yazPb2l+lbJiwW+wdo1gNeRA+3RgNSO39WYX2euey41KEwnqesU2Jew=="
    },
    "node_modules/@types/warning": {
      "version": "3.0.0",
      "resolved": "https://registry.npmjs.org/@types/warning/-/warning-3.0.0.tgz",
      "integrity": "sha512-t/Tvs5qR47OLOr+4E9ckN8AmP2Tf16gWq+/qA4iUGS/OOyHVO8wv2vjJuX8SNOUTJyWb+2t7wJm6cXILFnOROA=="
    },
    "node_modules/bootstrap": {
      "version": "5.2.2",
      "resolved": "https://registry.npmjs.org/bootstrap/-/bootstrap-5.2.2.tgz",
      "integrity": "sha512-dEtzMTV71n6Fhmbg4fYJzQsw1N29hJKO1js5ackCgIpDcGid2ETMGC6zwSYw09v05Y+oRdQ9loC54zB1La3hHQ==",
      "funding": [
        {
          "type": "github",
          "url": "https://github.com/sponsors/twbs"
        },
        {
          "type": "opencollective",
          "url": "https://opencollective.com/bootstrap"
        }
      ],
      "peerDependencies": {
        "@popperjs/core": "^2.11.6"
      }
    },
    "node_modules/classcat": {
      "version": "3.2.5",
      "resolved": "https://registry.npmjs.org/classcat/-/classcat-3.2.5.tgz",
      "integrity": "sha512-exme+Vc60aBW3KbPcVg+t7P2qsA5EXxYjD4ivpB2i+bAclFqtbchE4z7/Wj5A2eoKKi4jO+T+Da5zwS/Jw55Kw=="
    },
    "node_modules/classnames": {
      "version": "2.3.2",
      "resolved": "https://registry.npmjs.org/classnames/-/classnames-2.3.2.tgz",
      "integrity": "sha512-CSbhY4cFEJRe6/GQzIk5qXZ4Jeg5pcsP7b5peFSDpffpe1cqjASH/n9UTjBwOp6XpMSTwQ8Za2K5V02ueA7Tmw=="
    },
    "node_modules/clsx": {
      "version": "1.2.1",
      "resolved": "https://registry.npmjs.org/clsx/-/clsx-1.2.1.tgz",
      "integrity": "sha512-EcR6r5a8bj6pu3ycsa/E/cKVGuTgZJZdsyUYHOksG/UHIiKfjxzRxYJpyVBwYaQeOvghal9fcc4PidlgzugAQg==",
      "engines": {
        "node": ">=6"
      }
    },
    "node_modules/compute-scroll-into-view": {
      "version": "1.0.17",
      "resolved": "https://registry.npmjs.org/compute-scroll-into-view/-/compute-scroll-into-view-1.0.17.tgz",
      "integrity": "sha512-j4dx+Fb0URmzbwwMUrhqWM2BEWHdFGx+qZ9qqASHRPqvTYdqvWnHg0H1hIbcyLnvgnoNAVMlwkepyqM3DaIFUg=="
    },
    "node_modules/csstype": {
      "version": "3.1.1",
      "resolved": "https://registry.npmjs.org/csstype/-/csstype-3.1.1.tgz",
      "integrity": "sha512-DJR/VvkAvSZW9bTouZue2sSxDwdTN92uHjqeKVm+0dAqdfNykRzQ95tay8aXMBAAPpUiq4Qcug2L7neoRh2Egw=="
    },
    "node_modules/date-fns": {
      "version": "1.30.1",
      "resolved": "https://registry.npmjs.org/date-fns/-/date-fns-1.30.1.tgz",
      "integrity": "sha512-hBSVCvSmWC+QypYObzwGOd9wqdDpOt+0wl0KbU+R+uuZBS1jN8VsD1ss3irQDknRj5NvxiTF6oj/nDRnN/UQNw=="
    },
    "node_modules/dequal": {
      "version": "2.0.3",
      "resolved": "https://registry.npmjs.org/dequal/-/dequal-2.0.3.tgz",
      "integrity": "sha512-0je+qPKHEMohvfRTCEo3CrPG6cAzAYgmzKyxRiYSSDkS6eGJdyVJm7WaYA5ECaAD9wLB2T4EEeymA5aFVcYXCA==",
      "engines": {
        "node": ">=6"
      }
    },
    "node_modules/dom-helpers": {
      "version": "5.2.1",
      "resolved": "https://registry.npmjs.org/dom-helpers/-/dom-helpers-5.2.1.tgz",
      "integrity": "sha512-nRCa7CK3VTrM2NmGkIy4cbK7IZlgBE/PYMn55rrXefr5xXDP0LdtfPnblFDoVdcAfslJ7or6iqAUnx0CCGIWQA==",
      "dependencies": {
        "@babel/runtime": "^7.8.7",
        "csstype": "^3.0.2"
      }
    },
    "node_modules/exenv": {
      "version": "1.2.2",
      "resolved": "https://registry.npmjs.org/exenv/-/exenv-1.2.2.tgz",
      "integrity": "sha512-Z+ktTxTwv9ILfgKCk32OX3n/doe+OcLTRtqK9pcL+JsP3J1/VW8Uvl4ZjLlKqeW4rzK4oesDOGMEMRIZqtP4Iw=="
    },
    "node_modules/invariant": {
      "version": "2.2.4",
      "resolved": "https://registry.npmjs.org/invariant/-/invariant-2.2.4.tgz",
      "integrity": "sha512-phJfQVBuaJM5raOpJjSfkiD6BpbCE4Ns//LaXl6wGYtUBY83nWS6Rf9tXm2e8VaK60JEjYldbPif/A2B1C2gNA==",
      "dependencies": {
        "loose-envify": "^1.0.0"
      }
    },
    "node_modules/js-tokens": {
      "version": "4.0.0",
      "resolved": "https://registry.npmjs.org/js-tokens/-/js-tokens-4.0.0.tgz",
      "integrity": "sha512-RdJUflcE3cUzKiMqQgsCu06FPu9UdIJO0beYbPhHN4k6apgJtifcoCtT9bcxOpYBtpD2kCM6Sbzg4CausW/PKQ=="
    },
    "node_modules/keyboard-key": {
      "version": "1.1.0",
      "resolved": "https://registry.npmjs.org/keyboard-key/-/keyboard-key-1.1.0.tgz",
      "integrity": "sha512-qkBzPTi3rlAKvX7k0/ub44sqOfXeLc/jcnGGmj5c7BJpU8eDrEVPyhCvNYAaoubbsLm9uGWwQJO1ytQK1a9/dQ=="
    },
    "node_modules/lodash": {
      "version": "4.17.21",
      "resolved": "https://registry.npmjs.org/lodash/-/lodash-4.17.21.tgz",
      "integrity": "sha512-v2kDEe57lecTulaDIuNTPy3Ry4gLGJ6Z1O3vE1krgXZNrsQ+LFTGHVxVjcXPs17LhbZVGedAJv8XZ1tvj5FvSg=="
    },
    "node_modules/lodash-es": {
      "version": "4.17.21",
      "resolved": "https://registry.npmjs.org/lodash-es/-/lodash-es-4.17.21.tgz",
      "integrity": "sha512-mKnC+QJ9pWVzv+C4/U3rRsHapFfHvQFoFB92e52xeyGMcX6/OlIl78je1u8vePzYZSkkogMPJ2yjxxsb89cxyw=="
    },
    "node_modules/loose-envify": {
      "version": "1.4.0",
      "resolved": "https://registry.npmjs.org/loose-envify/-/loose-envify-1.4.0.tgz",
      "integrity": "sha512-lyuxPGr/Wfhrlem2CL/UcnUc1zcqKAImBDzukY7Y5F/yQiNdko6+fRLevlw1HgMySw7f611UIY408EtxRSoK3Q==",
      "dependencies": {
        "js-tokens": "^3.0.0 || ^4.0.0"
      },
      "bin": {
        "loose-envify": "cli.js"
      }
    },
    "node_modules/merge-ranges": {
      "version": "1.0.2",
      "resolved": "https://registry.npmjs.org/merge-ranges/-/merge-ranges-1.0.2.tgz",
      "integrity": "sha512-0THbaWkER1BADCnnyJ3eYiRe2hQc0Bi4cuLj62khV0V+x+oa6D2NicQLF9r/9t0N+sirzyKos8DxLpmGfYjcCQ=="
    },
    "node_modules/mousetrap": {
      "version": "1.6.5",
      "resolved": "https://registry.npmjs.org/mousetrap/-/mousetrap-1.6.5.tgz",
      "integrity": "sha512-QNo4kEepaIBwiT8CDhP98umTetp+JNfQYBWvC1pc6/OAibuXtRcxZ58Qz8skvEHYvURne/7R8T5VoOI7rDsEUA=="
    },
    "node_modules/object-assign": {
      "version": "4.1.1",
      "resolved": "https://registry.npmjs.org/object-assign/-/object-assign-4.1.1.tgz",
      "integrity": "sha512-rJgTQnkUnH1sFw8yT6VSU3zD3sWmu6sZhIseY8VX+GRu3P6F7Fu+JNDoXfklElbLJSnc3FUQHVe4cU5hj+BcUg==",
      "engines": {
        "node": ">=0.10.0"
      }
    },
    "node_modules/pepjs": {
      "version": "0.5.3",
      "resolved": "https://registry.npmjs.org/pepjs/-/pepjs-0.5.3.tgz",
      "integrity": "sha512-5yHVB9OHqKd9fr/OIsn8ss0NgThQ9buaqrEuwr9Or5YjPp6h+WTDKWZI+xZLaBGZCtODTnFtlSHNmhFsq67THg==",
      "peer": true
    },
    "node_modules/prop-types": {
      "version": "15.8.1",
      "resolved": "https://registry.npmjs.org/prop-types/-/prop-types-15.8.1.tgz",
      "integrity": "sha512-oj87CgZICdulUohogVAR7AjlC0327U4el4L6eAvOqCeudMDVU0NThNaV+b9Df4dXgSP1gXMTnPdhfe/2qDH5cg==",
      "dependencies": {
        "loose-envify": "^1.4.0",
        "object-assign": "^4.1.1",
        "react-is": "^16.13.1"
      }
    },
    "node_modules/prop-types-extra": {
      "version": "1.1.1",
      "resolved": "https://registry.npmjs.org/prop-types-extra/-/prop-types-extra-1.1.1.tgz",
      "integrity": "sha512-59+AHNnHYCdiC+vMwY52WmvP5dM3QLeoumYuEyceQDi9aEhtwN9zIQ2ZNo25sMyXnbh32h+P1ezDsUpUH3JAew==",
      "dependencies": {
        "react-is": "^16.3.2",
        "warning": "^4.0.0"
      },
      "peerDependencies": {
        "react": ">=0.14.0"
      }
    },
    "node_modules/re-resizable": {
      "version": "4.11.0",
      "resolved": "https://registry.npmjs.org/re-resizable/-/re-resizable-4.11.0.tgz",
      "integrity": "sha512-dye+7rERqNf/6mDT1iwps+4Gf42420xuZgygF33uX178DxffqcyeuHbBuJ382FIcB5iP6mMZOhfW7kI0uXwb/Q=="
    },
    "node_modules/react": {
      "version": "16.14.0",
      "resolved": "https://registry.npmjs.org/react/-/react-16.14.0.tgz",
      "integrity": "sha512-0X2CImDkJGApiAlcf0ODKIneSwBPhqJawOa5wCtKbu7ZECrmS26NvtSILynQ66cgkT/RJ4LidJOc3bUESwmU8g==",
      "peer": true,
      "dependencies": {
        "loose-envify": "^1.1.0",
        "object-assign": "^4.1.1",
        "prop-types": "^15.6.2"
      },
      "engines": {
        "node": ">=0.10.0"
      }
    },
    "node_modules/react-bootstrap": {
      "version": "2.5.0",
      "resolved": "https://registry.npmjs.org/react-bootstrap/-/react-bootstrap-2.5.0.tgz",
      "integrity": "sha512-j/aLR+okzbYk61TM3eDOU1NqOqnUdwyVrF+ojoCRUxPdzc2R0xXvqyRsjSoyRoCo7n82Fs/LWjPCin/QJNdwvA==",
      "dependencies": {
        "@babel/runtime": "^7.17.2",
        "@restart/hooks": "^0.4.6",
        "@restart/ui": "^1.3.1",
        "@types/react-transition-group": "^4.4.4",
        "classnames": "^2.3.1",
        "dom-helpers": "^5.2.1",
        "invariant": "^2.2.4",
        "prop-types": "^15.8.1",
        "prop-types-extra": "^1.1.0",
        "react-transition-group": "^4.4.2",
        "uncontrollable": "^7.2.1",
        "warning": "^4.0.3"
      },
      "peerDependencies": {
        "@types/react": ">=16.14.8",
        "react": ">=16.14.0",
        "react-dom": ">=16.14.0"
      },
      "peerDependenciesMeta": {
        "@types/react": {
          "optional": true
        }
      }
    },
    "node_modules/react-dom": {
      "version": "16.14.0",
      "resolved": "https://registry.npmjs.org/react-dom/-/react-dom-16.14.0.tgz",
      "integrity": "sha512-1gCeQXDLoIqMgqD3IO2Ah9bnf0w9kzhwN5q4FGnHZ67hBm9yePzB5JJAIQCc8x3pFnNlwFq4RidZggNAAkzWWw==",
      "peer": true,
      "dependencies": {
        "loose-envify": "^1.1.0",
        "object-assign": "^4.1.1",
        "prop-types": "^15.6.2",
        "scheduler": "^0.19.1"
      },
      "peerDependencies": {
        "react": "^16.14.0"
      }
    },
    "node_modules/react-draggable": {
      "version": "3.3.2",
      "resolved": "https://registry.npmjs.org/react-draggable/-/react-draggable-3.3.2.tgz",
      "integrity": "sha512-oaz8a6enjbPtx5qb0oDWxtDNuybOylvto1QLydsXgKmwT7e3GXC2eMVDwEMIUYJIFqVG72XpOv673UuuAq6LhA==",
      "dependencies": {
        "classnames": "^2.2.5",
        "prop-types": "^15.6.0"
      }
    },
    "node_modules/react-fast-compare": {
      "version": "3.2.0",
      "resolved": "https://registry.npmjs.org/react-fast-compare/-/react-fast-compare-3.2.0.tgz",
      "integrity": "sha512-rtGImPZ0YyLrscKI9xTpV8psd6I8VAtjKCzQDlzyDvqJA8XOW78TXYQwNRNd8g8JZnDu8q9Fu/1v4HPAVwVdHA=="
    },
    "node_modules/react-is": {
      "version": "16.13.1",
      "resolved": "https://registry.npmjs.org/react-is/-/react-is-16.13.1.tgz",
      "integrity": "sha512-24e6ynE2H+OKt4kqsOvNd8kBpV65zoxbA4BVsEOB3ARVWQki/DHzaUoC5KuON/BiccDaCCTZBuOcfZs70kR8bQ=="
    },
    "node_modules/react-lifecycles-compat": {
      "version": "3.0.4",
      "resolved": "https://registry.npmjs.org/react-lifecycles-compat/-/react-lifecycles-compat-3.0.4.tgz",
      "integrity": "sha512-fBASbA6LnOU9dOU2eW7aQ8xmYBSXUIWr+UmF9b1efZBazGNO+rcXT/icdKnYm2pTwcRylVUYwW7H1PHfLekVzA=="
    },
    "node_modules/react-popper": {
      "version": "2.3.0",
      "resolved": "https://registry.npmjs.org/react-popper/-/react-popper-2.3.0.tgz",
      "integrity": "sha512-e1hj8lL3uM+sgSR4Lxzn5h1GxBlpa4CQz0XLF8kx4MDrDRWY0Ena4c97PUeSX9i5W3UAfDP0z0FXCTQkoXUl3Q==",
      "dependencies": {
        "react-fast-compare": "^3.0.1",
        "warning": "^4.0.2"
      },
      "peerDependencies": {
        "@popperjs/core": "^2.0.0",
        "react": "^16.8.0 || ^17 || ^18",
        "react-dom": "^16.8.0 || ^17 || ^18"
      }
    },
    "node_modules/react-transition-group": {
      "version": "4.4.5",
      "resolved": "https://registry.npmjs.org/react-transition-group/-/react-transition-group-4.4.5.tgz",
      "integrity": "sha512-pZcd1MCJoiKiBR2NRxeCRg13uCXbydPnmB4EOeRrY7480qNWO8IIgQG6zlDkm6uRMsURXPuKq0GWtiM59a5Q6g==",
      "dependencies": {
        "@babel/runtime": "^7.5.5",
        "dom-helpers": "^5.0.1",
        "loose-envify": "^1.4.0",
        "prop-types": "^15.6.2"
      },
      "peerDependencies": {
        "react": ">=16.6.0",
        "react-dom": ">=16.6.0"
      }
    },
    "node_modules/react-weekly-schedule": {
      "version": "0.0.0-development",
      "resolved": "https://registry.npmjs.org/react-weekly-schedule/-/react-weekly-schedule-0.0.0-development.tgz",
      "integrity": "sha512-MCBKe2ax8UHnUp2md7TebL3ggjnFe63lIOLNSQf6J23pu/a0dFiIhSW+F5iVXuiX1+xNeb69SbbmyIaJ82JT0A==",
      "dependencies": {
        "@reach/visually-hidden": "^0.1.2",
        "@rehooks/component-size": "^1.0.2",
        "classcat": "^3.2.5",
        "date-fns": "^1.30.1",
        "invariant": "^2.2.4",
        "lodash": "^4.17.11",
        "merge-ranges": "^1.0.2",
        "mousetrap": "^1.6.3",
        "re-resizable": "^4.11.0",
        "react-draggable": "^3.2.1",
        "rxjs": "^6.4.0",
        "scroll-into-view-if-needed": "^2.2.20"
      },
      "engines": {
        "node": ">=10.13.0"
      },
      "peerDependencies": {
        "pepjs": "^0.5.0",
        "react": "^16.8.4",
        "react-dom": "^16.8.4",
        "resize-observer-polyfill": "^1.5.1"
      }
    },
    "node_modules/regenerator-runtime": {
      "version": "0.13.10",
      "resolved": "https://registry.npmjs.org/regenerator-runtime/-/regenerator-runtime-0.13.10.tgz",
      "integrity": "sha512-KepLsg4dU12hryUO7bp/axHAKvwGOCV0sGloQtpagJ12ai+ojVDqkeGSiRX1zlq+kjIMZ1t7gpze+26QqtdGqw=="
    },
    "node_modules/resize-observer-polyfill": {
      "version": "1.5.1",
      "resolved": "https://registry.npmjs.org/resize-observer-polyfill/-/resize-observer-polyfill-1.5.1.tgz",
      "integrity": "sha512-LwZrotdHOo12nQuZlHEmtuXdqGoOD0OhaxopaNFxWzInpEgaLWoVuAMbTzixuosCx2nEG58ngzW3vxdWoxIgdg==",
      "peer": true
    },
    "node_modules/rxjs": {
      "version": "6.6.7",
      "resolved": "https://registry.npmjs.org/rxjs/-/rxjs-6.6.7.tgz",
      "integrity": "sha512-hTdwr+7yYNIT5n4AMYp85KA6yw2Va0FLa3Rguvbpa4W3I5xynaBZo41cM3XM+4Q6fRMj3sBYIR1VAmZMXYJvRQ==",
      "dependencies": {
        "tslib": "^1.9.0"
      },
      "engines": {
        "npm": ">=2.0.0"
      }
    },
    "node_modules/scheduler": {
      "version": "0.19.1",
      "resolved": "https://registry.npmjs.org/scheduler/-/scheduler-0.19.1.tgz",
      "integrity": "sha512-n/zwRWRYSUj0/3g/otKDRPMh6qv2SYMWNq85IEa8iZyAv8od9zDYpGSnpBEjNgcMNq6Scbu5KfIPxNF72R/2EA==",
      "peer": true,
      "dependencies": {
        "loose-envify": "^1.1.0",
        "object-assign": "^4.1.1"
      }
    },
    "node_modules/scroll-into-view-if-needed": {
      "version": "2.2.29",
      "resolved": "https://registry.npmjs.org/scroll-into-view-if-needed/-/scroll-into-view-if-needed-2.2.29.tgz",
      "integrity": "sha512-hxpAR6AN+Gh53AdAimHM6C8oTN1ppwVZITihix+WqalywBeFcQ6LdQP5ABNl26nX8GTEL7VT+b8lKpdqq65wXg==",
      "dependencies": {
        "compute-scroll-into-view": "^1.0.17"
      }
    },
    "node_modules/semantic-ui-react": {
      "version": "2.1.3",
      "resolved": "https://registry.npmjs.org/semantic-ui-react/-/semantic-ui-react-2.1.3.tgz",
      "integrity": "sha512-dd2pqalMk0ycJoHf7hn4mYd0xohg0NMk7ohlpPVOigCfMLrKk2e3NZdRk0yBetvD+qJXPqZ04jA43bDwqOM5OA==",
      "dependencies": {
        "@babel/runtime": "^7.10.5",
        "@fluentui/react-component-event-listener": "~0.63.0",
        "@fluentui/react-component-ref": "~0.63.0",
        "@popperjs/core": "^2.6.0",
        "@semantic-ui-react/event-stack": "^3.1.3",
        "clsx": "^1.1.1",
        "keyboard-key": "^1.1.0",
        "lodash": "^4.17.21",
        "lodash-es": "^4.17.21",
        "prop-types": "^15.7.2",
        "react-is": "^16.8.6 || ^17.0.0 || ^18.0.0",
        "react-popper": "^2.3.0",
        "shallowequal": "^1.1.0"
      },
      "peerDependencies": {
        "react": "^16.8.0 || ^17.0.0 || ^18.0.0",
        "react-dom": "^16.8.0 || ^17.0.0 || ^18.0.0"
      }
    },
    "node_modules/shallowequal": {
      "version": "1.1.0",
      "resolved": "https://registry.npmjs.org/shallowequal/-/shallowequal-1.1.0.tgz",
      "integrity": "sha512-y0m1JoUZSlPAjXVtPPW70aZWfIL/dSP7AFkRnniLCrK/8MDKog3TySTBmckD+RObVxH0v4Tox67+F14PdED2oQ=="
    },
    "node_modules/tslib": {
      "version": "1.14.1",
      "resolved": "https://registry.npmjs.org/tslib/-/tslib-1.14.1.tgz",
      "integrity": "sha512-Xni35NKzjgMrwevysHTCArtLDpPvye8zV/0E4EyYn43P7/7qvQwPh9BGkHewbMulVntbigmcT7rdX3BNo9wRJg=="
    },
    "node_modules/uncontrollable": {
      "version": "7.2.1",
      "resolved": "https://registry.npmjs.org/uncontrollable/-/uncontrollable-7.2.1.tgz",
      "integrity": "sha512-svtcfoTADIB0nT9nltgjujTi7BzVmwjZClOmskKu/E8FW9BXzg9os8OLr4f8Dlnk0rYWJIWr4wv9eKUXiQvQwQ==",
      "dependencies": {
        "@babel/runtime": "^7.6.3",
        "@types/react": ">=16.9.11",
        "invariant": "^2.2.4",
        "react-lifecycles-compat": "^3.0.4"
      },
      "peerDependencies": {
        "react": ">=15.0.0"
      }
    },
    "node_modules/warning": {
      "version": "4.0.3",
      "resolved": "https://registry.npmjs.org/warning/-/warning-4.0.3.tgz",
      "integrity": "sha512-rpJyN222KWIvHJ/F53XSZv0Zl/accqHR8et1kpaMTD/fLCRxtV8iX8czMzY7sVZupTI3zcUTg8eycS2kNF9l6w==",
      "dependencies": {
        "loose-envify": "^1.0.0"
      }
    }
  },
  "dependencies": {
    "@babel/runtime": {
      "version": "7.19.4",
      "resolved": "https://registry.npmjs.org/@babel/runtime/-/runtime-7.19.4.tgz",
      "integrity": "sha512-EXpLCrk55f+cYqmHsSR+yD/0gAIMxxA9QK9lnQWzhMCvt+YmoBN7Zx94s++Kv0+unHk39vxNO8t+CMA2WSS3wA==",
      "requires": {
        "regenerator-runtime": "^0.13.4"
      }
    },
    "@fluentui/react-component-event-listener": {
      "version": "0.63.1",
      "resolved": "https://registry.npmjs.org/@fluentui/react-component-event-listener/-/react-component-event-listener-0.63.1.tgz",
      "integrity": "sha512-gSMdOh6tI3IJKZFqxfQwbTpskpME0CvxdxGM2tdglmf6ZPVDi0L4+KKIm+2dN8nzb8Ya1A8ZT+Ddq0KmZtwVQg==",
      "requires": {
        "@babel/runtime": "^7.10.4"
      }
    },
    "@fluentui/react-component-ref": {
      "version": "0.63.1",
      "resolved": "https://registry.npmjs.org/@fluentui/react-component-ref/-/react-component-ref-0.63.1.tgz",
      "integrity": "sha512-8MkXX4+R3i80msdbD4rFpEB4WWq2UDvGwG386g3ckIWbekdvN9z2kWAd9OXhRGqB7QeOsoAGWocp6gAMCivRlw==",
      "requires": {
        "@babel/runtime": "^7.10.4",
        "react-is": "^16.6.3"
      }
    },
    "@popperjs/core": {
      "version": "2.11.6",
      "resolved": "https://registry.npmjs.org/@popperjs/core/-/core-2.11.6.tgz",
      "integrity": "sha512-50/17A98tWUfQ176raKiOGXuYpLyyVMkxxG6oylzL3BPOlA6ADGdK7EYunSa4I064xerltq9TGXs8HmOk5E+vw=="
    },
    "@reach/visually-hidden": {
      "version": "0.1.4",
      "resolved": "https://registry.npmjs.org/@reach/visually-hidden/-/visually-hidden-0.1.4.tgz",
      "integrity": "sha512-QHbzXjflSlCvDd6vJwdwx16mSB+vUCCQMiU/wK/CgVNPibtpEiIbisyxkpZc55DyDFNUIqP91rSUsNae+ogGDQ==",
      "requires": {}
    },
    "@react-aria/ssr": {
      "version": "3.3.0",
      "resolved": "https://registry.npmjs.org/@react-aria/ssr/-/ssr-3.3.0.tgz",
      "integrity": "sha512-yNqUDuOVZIUGP81R87BJVi/ZUZp/nYOBXbPsRe7oltJOfErQZD+UezMpw4vM2KRz18cURffvmC8tJ6JTeyDtaQ==",
      "requires": {
        "@babel/runtime": "^7.6.2"
      }
    },
    "@rehooks/component-size": {
      "version": "1.0.3",
      "resolved": "https://registry.npmjs.org/@rehooks/component-size/-/component-size-1.0.3.tgz",
      "integrity": "sha512-pnYld+8SSF2vXwdLOqBGUyOrv/SjzwLjIUcs/4c1JJgR0q4E9eBtBfuZMD6zUD51fvSehSsbnlQMzotSmPTXPg==",
      "requires": {}
    },
    "@restart/hooks": {
      "version": "0.4.7",
      "resolved": "https://registry.npmjs.org/@restart/hooks/-/hooks-0.4.7.tgz",
      "integrity": "sha512-ZbjlEHcG+FQtpDPHd7i4FzNNvJf2enAwZfJbpM8CW7BhmOAbsHpZe3tsHwfQUrBuyrxWqPYp2x5UMnilWcY22A==",
      "requires": {
        "dequal": "^2.0.2"
      }
    },
    "@restart/ui": {
      "version": "1.4.0",
      "resolved": "https://registry.npmjs.org/@restart/ui/-/ui-1.4.0.tgz",
      "integrity": "sha512-5dDj5uDzUgK1iijWPRg6AnxjkHM04XhTQDJirM1h/8tIc7KyLtF9YyjcCpNEn259hPMXswpkfXKNgiag0skPFg==",
      "requires": {
        "@babel/runtime": "^7.18.3",
        "@popperjs/core": "^2.11.5",
        "@react-aria/ssr": "^3.2.0",
        "@restart/hooks": "^0.4.7",
        "@types/warning": "^3.0.0",
        "dequal": "^2.0.2",
        "dom-helpers": "^5.2.0",
        "uncontrollable": "^7.2.1",
        "warning": "^4.0.3"
      }
    },
    "@semantic-ui-react/event-stack": {
      "version": "3.1.3",
      "resolved": "https://registry.npmjs.org/@semantic-ui-react/event-stack/-/event-stack-3.1.3.tgz",
      "integrity": "sha512-FdTmJyWvJaYinHrKRsMLDrz4tTMGdFfds299Qory53hBugiDvGC0tEJf+cHsi5igDwWb/CLOgOiChInHwq8URQ==",
      "requires": {
        "exenv": "^1.2.2",
        "prop-types": "^15.6.2"
      }
    },
    "@types/prop-types": {
      "version": "15.7.5",
      "resolved": "https://registry.npmjs.org/@types/prop-types/-/prop-types-15.7.5.tgz",
      "integrity": "sha512-JCB8C6SnDoQf0cNycqd/35A7MjcnK+ZTqE7judS6o7utxUCg6imJg3QK2qzHKszlTjcj2cn+NwMB2i96ubpj7w=="
    },
    "@types/react": {
      "version": "18.0.22",
      "resolved": "https://registry.npmjs.org/@types/react/-/react-18.0.22.tgz",
      "integrity": "sha512-4yWc5PyCkZN8ke8K9rQHkTXxHIWHxLzzW6RI1kXVoepkD3vULpKzC2sDtAMKn78h92BRYuzf+7b/ms7ajE6hFw==",
      "requires": {
        "@types/prop-types": "*",
        "@types/scheduler": "*",
        "csstype": "^3.0.2"
      }
    },
    "@types/react-transition-group": {
      "version": "4.4.5",
      "resolved": "https://registry.npmjs.org/@types/react-transition-group/-/react-transition-group-4.4.5.tgz",
      "integrity": "sha512-juKD/eiSM3/xZYzjuzH6ZwpP+/lejltmiS3QEzV/vmb/Q8+HfDmxu+Baga8UEMGBqV88Nbg4l2hY/K2DkyaLLA==",
      "requires": {
        "@types/react": "*"
      }
    },
    "@types/scheduler": {
      "version": "0.16.2",
      "resolved": "https://registry.npmjs.org/@types/scheduler/-/scheduler-0.16.2.tgz",
      "integrity": "sha512-hppQEBDmlwhFAXKJX2KnWLYu5yMfi91yazPb2l+lbJiwW+wdo1gNeRA+3RgNSO39WYX2euey41KEwnqesU2Jew=="
    },
    "@types/warning": {
      "version": "3.0.0",
      "resolved": "https://registry.npmjs.org/@types/warning/-/warning-3.0.0.tgz",
      "integrity": "sha512-t/Tvs5qR47OLOr+4E9ckN8AmP2Tf16gWq+/qA4iUGS/OOyHVO8wv2vjJuX8SNOUTJyWb+2t7wJm6cXILFnOROA=="
    },
    "bootstrap": {
      "version": "5.2.2",
      "resolved": "https://registry.npmjs.org/bootstrap/-/bootstrap-5.2.2.tgz",
      "integrity": "sha512-dEtzMTV71n6Fhmbg4fYJzQsw1N29hJKO1js5ackCgIpDcGid2ETMGC6zwSYw09v05Y+oRdQ9loC54zB1La3hHQ==",
      "requires": {}
    },
    "classcat": {
      "version": "3.2.5",
      "resolved": "https://registry.npmjs.org/classcat/-/classcat-3.2.5.tgz",
      "integrity": "sha512-exme+Vc60aBW3KbPcVg+t7P2qsA5EXxYjD4ivpB2i+bAclFqtbchE4z7/Wj5A2eoKKi4jO+T+Da5zwS/Jw55Kw=="
    },
    "classnames": {
      "version": "2.3.2",
      "resolved": "https://registry.npmjs.org/classnames/-/classnames-2.3.2.tgz",
      "integrity": "sha512-CSbhY4cFEJRe6/GQzIk5qXZ4Jeg5pcsP7b5peFSDpffpe1cqjASH/n9UTjBwOp6XpMSTwQ8Za2K5V02ueA7Tmw=="
    },
    "clsx": {
      "version": "1.2.1",
      "resolved": "https://registry.npmjs.org/clsx/-/clsx-1.2.1.tgz",
      "integrity": "sha512-EcR6r5a8bj6pu3ycsa/E/cKVGuTgZJZdsyUYHOksG/UHIiKfjxzRxYJpyVBwYaQeOvghal9fcc4PidlgzugAQg=="
    },
    "compute-scroll-into-view": {
      "version": "1.0.17",
      "resolved": "https://registry.npmjs.org/compute-scroll-into-view/-/compute-scroll-into-view-1.0.17.tgz",
      "integrity": "sha512-j4dx+Fb0URmzbwwMUrhqWM2BEWHdFGx+qZ9qqASHRPqvTYdqvWnHg0H1hIbcyLnvgnoNAVMlwkepyqM3DaIFUg=="
    },
    "csstype": {
      "version": "3.1.1",
      "resolved": "https://registry.npmjs.org/csstype/-/csstype-3.1.1.tgz",
      "integrity": "sha512-DJR/VvkAvSZW9bTouZue2sSxDwdTN92uHjqeKVm+0dAqdfNykRzQ95tay8aXMBAAPpUiq4Qcug2L7neoRh2Egw=="
    },
    "date-fns": {
      "version": "1.30.1",
      "resolved": "https://registry.npmjs.org/date-fns/-/date-fns-1.30.1.tgz",
      "integrity": "sha512-hBSVCvSmWC+QypYObzwGOd9wqdDpOt+0wl0KbU+R+uuZBS1jN8VsD1ss3irQDknRj5NvxiTF6oj/nDRnN/UQNw=="
    },
    "dequal": {
      "version": "2.0.3",
      "resolved": "https://registry.npmjs.org/dequal/-/dequal-2.0.3.tgz",
      "integrity": "sha512-0je+qPKHEMohvfRTCEo3CrPG6cAzAYgmzKyxRiYSSDkS6eGJdyVJm7WaYA5ECaAD9wLB2T4EEeymA5aFVcYXCA=="
    },
    "dom-helpers": {
      "version": "5.2.1",
      "resolved": "https://registry.npmjs.org/dom-helpers/-/dom-helpers-5.2.1.tgz",
      "integrity": "sha512-nRCa7CK3VTrM2NmGkIy4cbK7IZlgBE/PYMn55rrXefr5xXDP0LdtfPnblFDoVdcAfslJ7or6iqAUnx0CCGIWQA==",
      "requires": {
        "@babel/runtime": "^7.8.7",
        "csstype": "^3.0.2"
      }
    },
    "exenv": {
      "version": "1.2.2",
      "resolved": "https://registry.npmjs.org/exenv/-/exenv-1.2.2.tgz",
      "integrity": "sha512-Z+ktTxTwv9ILfgKCk32OX3n/doe+OcLTRtqK9pcL+JsP3J1/VW8Uvl4ZjLlKqeW4rzK4oesDOGMEMRIZqtP4Iw=="
    },
    "invariant": {
      "version": "2.2.4",
      "resolved": "https://registry.npmjs.org/invariant/-/invariant-2.2.4.tgz",
      "integrity": "sha512-phJfQVBuaJM5raOpJjSfkiD6BpbCE4Ns//LaXl6wGYtUBY83nWS6Rf9tXm2e8VaK60JEjYldbPif/A2B1C2gNA==",
      "requires": {
        "loose-envify": "^1.0.0"
      }
    },
    "js-tokens": {
      "version": "4.0.0",
      "resolved": "https://registry.npmjs.org/js-tokens/-/js-tokens-4.0.0.tgz",
      "integrity": "sha512-RdJUflcE3cUzKiMqQgsCu06FPu9UdIJO0beYbPhHN4k6apgJtifcoCtT9bcxOpYBtpD2kCM6Sbzg4CausW/PKQ=="
    },
    "keyboard-key": {
      "version": "1.1.0",
      "resolved": "https://registry.npmjs.org/keyboard-key/-/keyboard-key-1.1.0.tgz",
      "integrity": "sha512-qkBzPTi3rlAKvX7k0/ub44sqOfXeLc/jcnGGmj5c7BJpU8eDrEVPyhCvNYAaoubbsLm9uGWwQJO1ytQK1a9/dQ=="
    },
    "lodash": {
      "version": "4.17.21",
      "resolved": "https://registry.npmjs.org/lodash/-/lodash-4.17.21.tgz",
      "integrity": "sha512-v2kDEe57lecTulaDIuNTPy3Ry4gLGJ6Z1O3vE1krgXZNrsQ+LFTGHVxVjcXPs17LhbZVGedAJv8XZ1tvj5FvSg=="
    },
    "lodash-es": {
      "version": "4.17.21",
      "resolved": "https://registry.npmjs.org/lodash-es/-/lodash-es-4.17.21.tgz",
      "integrity": "sha512-mKnC+QJ9pWVzv+C4/U3rRsHapFfHvQFoFB92e52xeyGMcX6/OlIl78je1u8vePzYZSkkogMPJ2yjxxsb89cxyw=="
    },
    "loose-envify": {
      "version": "1.4.0",
      "resolved": "https://registry.npmjs.org/loose-envify/-/loose-envify-1.4.0.tgz",
      "integrity": "sha512-lyuxPGr/Wfhrlem2CL/UcnUc1zcqKAImBDzukY7Y5F/yQiNdko6+fRLevlw1HgMySw7f611UIY408EtxRSoK3Q==",
      "requires": {
        "js-tokens": "^3.0.0 || ^4.0.0"
      }
    },
    "merge-ranges": {
      "version": "1.0.2",
      "resolved": "https://registry.npmjs.org/merge-ranges/-/merge-ranges-1.0.2.tgz",
      "integrity": "sha512-0THbaWkER1BADCnnyJ3eYiRe2hQc0Bi4cuLj62khV0V+x+oa6D2NicQLF9r/9t0N+sirzyKos8DxLpmGfYjcCQ=="
    },
    "mousetrap": {
      "version": "1.6.5",
      "resolved": "https://registry.npmjs.org/mousetrap/-/mousetrap-1.6.5.tgz",
      "integrity": "sha512-QNo4kEepaIBwiT8CDhP98umTetp+JNfQYBWvC1pc6/OAibuXtRcxZ58Qz8skvEHYvURne/7R8T5VoOI7rDsEUA=="
    },
    "object-assign": {
      "version": "4.1.1",
      "resolved": "https://registry.npmjs.org/object-assign/-/object-assign-4.1.1.tgz",
      "integrity": "sha512-rJgTQnkUnH1sFw8yT6VSU3zD3sWmu6sZhIseY8VX+GRu3P6F7Fu+JNDoXfklElbLJSnc3FUQHVe4cU5hj+BcUg=="
    },
    "pepjs": {
      "version": "0.5.3",
      "resolved": "https://registry.npmjs.org/pepjs/-/pepjs-0.5.3.tgz",
      "integrity": "sha512-5yHVB9OHqKd9fr/OIsn8ss0NgThQ9buaqrEuwr9Or5YjPp6h+WTDKWZI+xZLaBGZCtODTnFtlSHNmhFsq67THg==",
      "peer": true
    },
    "prop-types": {
      "version": "15.8.1",
      "resolved": "https://registry.npmjs.org/prop-types/-/prop-types-15.8.1.tgz",
      "integrity": "sha512-oj87CgZICdulUohogVAR7AjlC0327U4el4L6eAvOqCeudMDVU0NThNaV+b9Df4dXgSP1gXMTnPdhfe/2qDH5cg==",
      "requires": {
        "loose-envify": "^1.4.0",
        "object-assign": "^4.1.1",
        "react-is": "^16.13.1"
      }
    },
    "prop-types-extra": {
      "version": "1.1.1",
      "resolved": "https://registry.npmjs.org/prop-types-extra/-/prop-types-extra-1.1.1.tgz",
      "integrity": "sha512-59+AHNnHYCdiC+vMwY52WmvP5dM3QLeoumYuEyceQDi9aEhtwN9zIQ2ZNo25sMyXnbh32h+P1ezDsUpUH3JAew==",
      "requires": {
        "react-is": "^16.3.2",
        "warning": "^4.0.0"
      }
    },
    "re-resizable": {
      "version": "4.11.0",
      "resolved": "https://registry.npmjs.org/re-resizable/-/re-resizable-4.11.0.tgz",
      "integrity": "sha512-dye+7rERqNf/6mDT1iwps+4Gf42420xuZgygF33uX178DxffqcyeuHbBuJ382FIcB5iP6mMZOhfW7kI0uXwb/Q=="
    },
    "react": {
      "version": "16.14.0",
      "resolved": "https://registry.npmjs.org/react/-/react-16.14.0.tgz",
      "integrity": "sha512-0X2CImDkJGApiAlcf0ODKIneSwBPhqJawOa5wCtKbu7ZECrmS26NvtSILynQ66cgkT/RJ4LidJOc3bUESwmU8g==",
      "peer": true,
      "requires": {
        "loose-envify": "^1.1.0",
        "object-assign": "^4.1.1",
        "prop-types": "^15.6.2"
      }
    },
    "react-bootstrap": {
      "version": "2.5.0",
      "resolved": "https://registry.npmjs.org/react-bootstrap/-/react-bootstrap-2.5.0.tgz",
      "integrity": "sha512-j/aLR+okzbYk61TM3eDOU1NqOqnUdwyVrF+ojoCRUxPdzc2R0xXvqyRsjSoyRoCo7n82Fs/LWjPCin/QJNdwvA==",
      "requires": {
        "@babel/runtime": "^7.17.2",
        "@restart/hooks": "^0.4.6",
        "@restart/ui": "^1.3.1",
        "@types/react-transition-group": "^4.4.4",
        "classnames": "^2.3.1",
        "dom-helpers": "^5.2.1",
        "invariant": "^2.2.4",
        "prop-types": "^15.8.1",
        "prop-types-extra": "^1.1.0",
        "react-transition-group": "^4.4.2",
        "uncontrollable": "^7.2.1",
        "warning": "^4.0.3"
      }
    },
    "react-dom": {
      "version": "16.14.0",
      "resolved": "https://registry.npmjs.org/react-dom/-/react-dom-16.14.0.tgz",
      "integrity": "sha512-1gCeQXDLoIqMgqD3IO2Ah9bnf0w9kzhwN5q4FGnHZ67hBm9yePzB5JJAIQCc8x3pFnNlwFq4RidZggNAAkzWWw==",
      "peer": true,
      "requires": {
        "loose-envify": "^1.1.0",
        "object-assign": "^4.1.1",
        "prop-types": "^15.6.2",
        "scheduler": "^0.19.1"
      }
    },
    "react-draggable": {
      "version": "3.3.2",
      "resolved": "https://registry.npmjs.org/react-draggable/-/react-draggable-3.3.2.tgz",
      "integrity": "sha512-oaz8a6enjbPtx5qb0oDWxtDNuybOylvto1QLydsXgKmwT7e3GXC2eMVDwEMIUYJIFqVG72XpOv673UuuAq6LhA==",
      "requires": {
        "classnames": "^2.2.5",
        "prop-types": "^15.6.0"
      }
    },
    "react-fast-compare": {
      "version": "3.2.0",
      "resolved": "https://registry.npmjs.org/react-fast-compare/-/react-fast-compare-3.2.0.tgz",
      "integrity": "sha512-rtGImPZ0YyLrscKI9xTpV8psd6I8VAtjKCzQDlzyDvqJA8XOW78TXYQwNRNd8g8JZnDu8q9Fu/1v4HPAVwVdHA=="
    },
    "react-is": {
      "version": "16.13.1",
      "resolved": "https://registry.npmjs.org/react-is/-/react-is-16.13.1.tgz",
      "integrity": "sha512-24e6ynE2H+OKt4kqsOvNd8kBpV65zoxbA4BVsEOB3ARVWQki/DHzaUoC5KuON/BiccDaCCTZBuOcfZs70kR8bQ=="
    },
    "react-lifecycles-compat": {
      "version": "3.0.4",
      "resolved": "https://registry.npmjs.org/react-lifecycles-compat/-/react-lifecycles-compat-3.0.4.tgz",
      "integrity": "sha512-fBASbA6LnOU9dOU2eW7aQ8xmYBSXUIWr+UmF9b1efZBazGNO+rcXT/icdKnYm2pTwcRylVUYwW7H1PHfLekVzA=="
    },
    "react-popper": {
      "version": "2.3.0",
      "resolved": "https://registry.npmjs.org/react-popper/-/react-popper-2.3.0.tgz",
      "integrity": "sha512-e1hj8lL3uM+sgSR4Lxzn5h1GxBlpa4CQz0XLF8kx4MDrDRWY0Ena4c97PUeSX9i5W3UAfDP0z0FXCTQkoXUl3Q==",
      "requires": {
        "react-fast-compare": "^3.0.1",
        "warning": "^4.0.2"
      }
    },
    "react-transition-group": {
      "version": "4.4.5",
      "resolved": "https://registry.npmjs.org/react-transition-group/-/react-transition-group-4.4.5.tgz",
      "integrity": "sha512-pZcd1MCJoiKiBR2NRxeCRg13uCXbydPnmB4EOeRrY7480qNWO8IIgQG6zlDkm6uRMsURXPuKq0GWtiM59a5Q6g==",
      "requires": {
        "@babel/runtime": "^7.5.5",
        "dom-helpers": "^5.0.1",
        "loose-envify": "^1.4.0",
        "prop-types": "^15.6.2"
      }
    },
    "react-weekly-schedule": {
      "version": "0.0.0-development",
      "resolved": "https://registry.npmjs.org/react-weekly-schedule/-/react-weekly-schedule-0.0.0-development.tgz",
      "integrity": "sha512-MCBKe2ax8UHnUp2md7TebL3ggjnFe63lIOLNSQf6J23pu/a0dFiIhSW+F5iVXuiX1+xNeb69SbbmyIaJ82JT0A==",
      "requires": {
        "@reach/visually-hidden": "^0.1.2",
        "@rehooks/component-size": "^1.0.2",
        "classcat": "^3.2.5",
        "date-fns": "^1.30.1",
        "invariant": "^2.2.4",
        "lodash": "^4.17.11",
        "merge-ranges": "^1.0.2",
        "mousetrap": "^1.6.3",
        "re-resizable": "^4.11.0",
        "react-draggable": "^3.2.1",
        "rxjs": "^6.4.0",
        "scroll-into-view-if-needed": "^2.2.20"
      }
    },
    "regenerator-runtime": {
      "version": "0.13.10",
      "resolved": "https://registry.npmjs.org/regenerator-runtime/-/regenerator-runtime-0.13.10.tgz",
      "integrity": "sha512-KepLsg4dU12hryUO7bp/axHAKvwGOCV0sGloQtpagJ12ai+ojVDqkeGSiRX1zlq+kjIMZ1t7gpze+26QqtdGqw=="
    },
    "resize-observer-polyfill": {
      "version": "1.5.1",
      "resolved": "https://registry.npmjs.org/resize-observer-polyfill/-/resize-observer-polyfill-1.5.1.tgz",
      "integrity": "sha512-LwZrotdHOo12nQuZlHEmtuXdqGoOD0OhaxopaNFxWzInpEgaLWoVuAMbTzixuosCx2nEG58ngzW3vxdWoxIgdg==",
      "peer": true
    },
    "rxjs": {
      "version": "6.6.7",
      "resolved": "https://registry.npmjs.org/rxjs/-/rxjs-6.6.7.tgz",
      "integrity": "sha512-hTdwr+7yYNIT5n4AMYp85KA6yw2Va0FLa3Rguvbpa4W3I5xynaBZo41cM3XM+4Q6fRMj3sBYIR1VAmZMXYJvRQ==",
      "requires": {
        "tslib": "^1.9.0"
      }
    },
    "scheduler": {
      "version": "0.19.1",
      "resolved": "https://registry.npmjs.org/scheduler/-/scheduler-0.19.1.tgz",
      "integrity": "sha512-n/zwRWRYSUj0/3g/otKDRPMh6qv2SYMWNq85IEa8iZyAv8od9zDYpGSnpBEjNgcMNq6Scbu5KfIPxNF72R/2EA==",
      "peer": true,
      "requires": {
        "loose-envify": "^1.1.0",
        "object-assign": "^4.1.1"
      }
    },
    "scroll-into-view-if-needed": {
      "version": "2.2.29",
      "resolved": "https://registry.npmjs.org/scroll-into-view-if-needed/-/scroll-into-view-if-needed-2.2.29.tgz",
      "integrity": "sha512-hxpAR6AN+Gh53AdAimHM6C8oTN1ppwVZITihix+WqalywBeFcQ6LdQP5ABNl26nX8GTEL7VT+b8lKpdqq65wXg==",
      "requires": {
        "compute-scroll-into-view": "^1.0.17"
      }
    },
    "semantic-ui-react": {
      "version": "2.1.3",
      "resolved": "https://registry.npmjs.org/semantic-ui-react/-/semantic-ui-react-2.1.3.tgz",
      "integrity": "sha512-dd2pqalMk0ycJoHf7hn4mYd0xohg0NMk7ohlpPVOigCfMLrKk2e3NZdRk0yBetvD+qJXPqZ04jA43bDwqOM5OA==",
      "requires": {
        "@babel/runtime": "^7.10.5",
        "@fluentui/react-component-event-listener": "~0.63.0",
        "@fluentui/react-component-ref": "~0.63.0",
        "@popperjs/core": "^2.6.0",
        "@semantic-ui-react/event-stack": "^3.1.3",
        "clsx": "^1.1.1",
        "keyboard-key": "^1.1.0",
        "lodash": "^4.17.21",
        "lodash-es": "^4.17.21",
        "prop-types": "^15.7.2",
        "react-is": "^16.8.6 || ^17.0.0 || ^18.0.0",
        "react-popper": "^2.3.0",
        "shallowequal": "^1.1.0"
      }
    },
    "shallowequal": {
      "version": "1.1.0",
      "resolved": "https://registry.npmjs.org/shallowequal/-/shallowequal-1.1.0.tgz",
      "integrity": "sha512-y0m1JoUZSlPAjXVtPPW70aZWfIL/dSP7AFkRnniLCrK/8MDKog3TySTBmckD+RObVxH0v4Tox67+F14PdED2oQ=="
    },
    "tslib": {
      "version": "1.14.1",
      "resolved": "https://registry.npmjs.org/tslib/-/tslib-1.14.1.tgz",
      "integrity": "sha512-Xni35NKzjgMrwevysHTCArtLDpPvye8zV/0E4EyYn43P7/7qvQwPh9BGkHewbMulVntbigmcT7rdX3BNo9wRJg=="
    },
    "uncontrollable": {
      "version": "7.2.1",
      "resolved": "https://registry.npmjs.org/uncontrollable/-/uncontrollable-7.2.1.tgz",
      "integrity": "sha512-svtcfoTADIB0nT9nltgjujTi7BzVmwjZClOmskKu/E8FW9BXzg9os8OLr4f8Dlnk0rYWJIWr4wv9eKUXiQvQwQ==",
      "requires": {
        "@babel/runtime": "^7.6.3",
        "@types/react": ">=16.9.11",
        "invariant": "^2.2.4",
        "react-lifecycles-compat": "^3.0.4"
      }
    },
    "warning": {
      "version": "4.0.3",
      "resolved": "https://registry.npmjs.org/warning/-/warning-4.0.3.tgz",
      "integrity": "sha512-rpJyN222KWIvHJ/F53XSZv0Zl/accqHR8et1kpaMTD/fLCRxtV8iX8czMzY7sVZupTI3zcUTg8eycS2kNF9l6w==",
      "requires": {
        "loose-envify": "^1.0.0"
      }
    }
  }
}
